// !$*UTF8*$!
{
	archiveVersion = 1;
	classes = {
	};
	objectVersion = 56;
	objects = {

/* Begin PBXBuildFile section */
		D4A115BD2A2175DE00E2E633 /* Calculator.m in Sources */ = {isa = PBXBuildFile; fileRef = D4A115BC2A2175DE00E2E633 /* Calculator.m */; };
		D4C5E4CA2A20002A00E7AEE1 /* AppDelegate.m in Sources */ = {isa = PBXBuildFile; fileRef = D4C5E4C92A20002A00E7AEE1 /* AppDelegate.m */; };
		D4C5E4CD2A20002A00E7AEE1 /* SceneDelegate.m in Sources */ = {isa = PBXBuildFile; fileRef = D4C5E4CC2A20002A00E7AEE1 /* SceneDelegate.m */; };
		D4C5E4D02A20002A00E7AEE1 /* ViewController.m in Sources */ = {isa = PBXBuildFile; fileRef = D4C5E4CF2A20002A00E7AEE1 /* ViewController.m */; };
		D4C5E4D32A20002A00E7AEE1 /* Main.storyboard in Resources */ = {isa = PBXBuildFile; fileRef = D4C5E4D12A20002A00E7AEE1 /* Main.storyboard */; };
		D4C5E4D52A20002B00E7AEE1 /* Assets.xcassets in Resources */ = {isa = PBXBuildFile; fileRef = D4C5E4D42A20002B00E7AEE1 /* Assets.xcassets */; };
		D4C5E4D82A20002B00E7AEE1 /* LaunchScreen.storyboard in Resources */ = {isa = PBXBuildFile; fileRef = D4C5E4D62A20002B00E7AEE1 /* LaunchScreen.storyboard */; };
		D4C5E4DB2A20002B00E7AEE1 /* main.m in Sources */ = {isa = PBXBuildFile; fileRef = D4C5E4DA2A20002B00E7AEE1 /* main.m */; };
		D4F02A032A201A6F00819DD8 /* CalculatorOperatorButton.m in Sources */ = {isa = PBXBuildFile; fileRef = D4F02A022A201A6F00819DD8 /* CalculatorOperatorButton.m */; };
		D4F460C62A211297001C4AAB /* CalculatorClearButton.m in Sources */ = {isa = PBXBuildFile; fileRef = D4F460C52A211297001C4AAB /* CalculatorClearButton.m */; };
/* End PBXBuildFile section */

/* Begin PBXFileReference section */
		D46390792A218CC500B9CB7E /* README.md */ = {isa = PBXFileReference; lastKnownFileType = net.daringfireball.markdown; path = README.md; sourceTree = "<group>"; };
		D463907A2A218D2600B9CB7E /* LICENSE */ = {isa = PBXFileReference; lastKnownFileType = text; path = LICENSE; sourceTree = "<group>"; };
		D4A115BB2A2175DE00E2E633 /* Calculator.h */ = {isa = PBXFileReference; lastKnownFileType = sourcecode.c.h; path = Calculator.h; sourceTree = SOURCE_ROOT; };
		D4A115BC2A2175DE00E2E633 /* Calculator.m */ = {isa = PBXFileReference; lastKnownFileType = sourcecode.c.objc; path = Calculator.m; sourceTree = SOURCE_ROOT; };
		D4C5E4C52A20002A00E7AEE1 /* iosCalc.app */ = {isa = PBXFileReference; explicitFileType = wrapper.application; includeInIndex = 0; path = iosCalc.app; sourceTree = BUILT_PRODUCTS_DIR; };
		D4C5E4C82A20002A00E7AEE1 /* AppDelegate.h */ = {isa = PBXFileReference; lastKnownFileType = sourcecode.c.h; path = AppDelegate.h; sourceTree = "<group>"; };
		D4C5E4C92A20002A00E7AEE1 /* AppDelegate.m */ = {isa = PBXFileReference; lastKnownFileType = sourcecode.c.objc; path = AppDelegate.m; sourceTree = "<group>"; };
		D4C5E4CB2A20002A00E7AEE1 /* SceneDelegate.h */ = {isa = PBXFileReference; lastKnownFileType = sourcecode.c.h; path = SceneDelegate.h; sourceTree = "<group>"; };
		D4C5E4CC2A20002A00E7AEE1 /* SceneDelegate.m */ = {isa = PBXFileReference; lastKnownFileType = sourcecode.c.objc; path = SceneDelegate.m; sourceTree = "<group>"; };
		D4C5E4CE2A20002A00E7AEE1 /* ViewController.h */ = {isa = PBXFileReference; lastKnownFileType = sourcecode.c.h; path = ViewController.h; sourceTree = "<group>"; };
		D4C5E4CF2A20002A00E7AEE1 /* ViewController.m */ = {isa = PBXFileReference; lastKnownFileType = sourcecode.c.objc; path = ViewController.m; sourceTree = "<group>"; };
		D4C5E4D22A20002A00E7AEE1 /* Base */ = {isa = PBXFileReference; lastKnownFileType = file.storyboard; name = Base; path = Base.lproj/Main.storyboard; sourceTree = "<group>"; };
		D4C5E4D42A20002B00E7AEE1 /* Assets.xcassets */ = {isa = PBXFileReference; lastKnownFileType = folder.assetcatalog; path = Assets.xcassets; sourceTree = "<group>"; };
		D4C5E4D72A20002B00E7AEE1 /* Base */ = {isa = PBXFileReference; lastKnownFileType = file.storyboard; name = Base; path = Base.lproj/LaunchScreen.storyboard; sourceTree = "<group>"; };
		D4C5E4D92A20002B00E7AEE1 /* Info.plist */ = {isa = PBXFileReference; lastKnownFileType = text.plist.xml; path = Info.plist; sourceTree = "<group>"; };
		D4C5E4DA2A20002B00E7AEE1 /* main.m */ = {isa = PBXFileReference; lastKnownFileType = sourcecode.c.objc; path = main.m; sourceTree = "<group>"; };
		D4F02A012A201A6F00819DD8 /* CalculatorOperatorButton.h */ = {isa = PBXFileReference; lastKnownFileType = sourcecode.c.h; path = CalculatorOperatorButton.h; sourceTree = "<group>"; };
		D4F02A022A201A6F00819DD8 /* CalculatorOperatorButton.m */ = {isa = PBXFileReference; lastKnownFileType = sourcecode.c.objc; path = CalculatorOperatorButton.m; sourceTree = "<group>"; };
		D4F460C42A211297001C4AAB /* CalculatorClearButton.h */ = {isa = PBXFileReference; lastKnownFileType = sourcecode.c.h; path = CalculatorClearButton.h; sourceTree = "<group>"; };
		D4F460C52A211297001C4AAB /* CalculatorClearButton.m */ = {isa = PBXFileReference; lastKnownFileType = sourcecode.c.objc; path = CalculatorClearButton.m; sourceTree = "<group>"; };
/* End PBXFileReference section */

/* Begin PBXFrameworksBuildPhase section */
		D4C5E4C22A20002A00E7AEE1 /* Frameworks */ = {
			isa = PBXFrameworksBuildPhase;
			buildActionMask = 2147483647;
			files = (
			);
			runOnlyForDeploymentPostprocessing = 0;
		};
/* End PBXFrameworksBuildPhase section */

/* Begin PBXGroup section */
		D4C5E4BC2A20002A00E7AEE1 = {
			isa = PBXGroup;
			children = (
				D463907A2A218D2600B9CB7E /* LICENSE */,
				D46390792A218CC500B9CB7E /* README.md */,
				D4C5E4C72A20002A00E7AEE1 /* iosCalc */,
				D4C5E4C62A20002A00E7AEE1 /* Products */,
			);
			sourceTree = "<group>";
		};
		D4C5E4C62A20002A00E7AEE1 /* Products */ = {
			isa = PBXGroup;
			children = (
				D4C5E4C52A20002A00E7AEE1 /* iosCalc.app */,
			);
			name = Products;
			sourceTree = "<group>";
		};
		D4C5E4C72A20002A00E7AEE1 /* iosCalc */ = {
			isa = PBXGroup;
			children = (
				D4C5E4C82A20002A00E7AEE1 /* AppDelegate.h */,
				D4C5E4C92A20002A00E7AEE1 /* AppDelegate.m */,
				D4C5E4CB2A20002A00E7AEE1 /* SceneDelegate.h */,
				D4C5E4CC2A20002A00E7AEE1 /* SceneDelegate.m */,
				D4C5E4CE2A20002A00E7AEE1 /* ViewController.h */,
				D4C5E4CF2A20002A00E7AEE1 /* ViewController.m */,
				D4C5E4D12A20002A00E7AEE1 /* Main.storyboard */,
				D4C5E4D42A20002B00E7AEE1 /* Assets.xcassets */,
				D4C5E4D62A20002B00E7AEE1 /* LaunchScreen.storyboard */,
				D4C5E4D92A20002B00E7AEE1 /* Info.plist */,
				D4C5E4DA2A20002B00E7AEE1 /* main.m */,
				D4F02A012A201A6F00819DD8 /* CalculatorOperatorButton.h */,
				D4F02A022A201A6F00819DD8 /* CalculatorOperatorButton.m */,
				D4F460C42A211297001C4AAB /* CalculatorClearButton.h */,
				D4F460C52A211297001C4AAB /* CalculatorClearButton.m */,
				D4A115BB2A2175DE00E2E633 /* Calculator.h */,
				D4A115BC2A2175DE00E2E633 /* Calculator.m */,
			);
			path = iosCalc;
			sourceTree = "<group>";
		};
/* End PBXGroup section */

/* Begin PBXNativeTarget section */
		D4C5E4C42A20002A00E7AEE1 /* iosCalc */ = {
			isa = PBXNativeTarget;
			buildConfigurationList = D4C5E4DE2A20002B00E7AEE1 /* Build configuration list for PBXNativeTarget "iosCalc" */;
			buildPhases = (
				D4C5E4C12A20002A00E7AEE1 /* Sources */,
				D4C5E4C22A20002A00E7AEE1 /* Frameworks */,
				D4C5E4C32A20002A00E7AEE1 /* Resources */,
			);
			buildRules = (
			);
			dependencies = (
			);
			name = iosCalc;
			productName = iosCalc;
			productReference = D4C5E4C52A20002A00E7AEE1 /* iosCalc.app */;
			productType = "com.apple.product-type.application";
		};
/* End PBXNativeTarget section */

/* Begin PBXProject section */
		D4C5E4BD2A20002A00E7AEE1 /* Project object */ = {
			isa = PBXProject;
			attributes = {
				BuildIndependentTargetsInParallel = 1;
				LastUpgradeCheck = 1430;
				TargetAttributes = {
					D4C5E4C42A20002A00E7AEE1 = {
						CreatedOnToolsVersion = 14.3;
					};
				};
			};
			buildConfigurationList = D4C5E4C02A20002A00E7AEE1 /* Build configuration list for PBXProject "iosCalc" */;
			compatibilityVersion = "Xcode 14.0";
			developmentRegion = en;
			hasScannedForEncodings = 0;
			knownRegions = (
				en,
				Base,
			);
			mainGroup = D4C5E4BC2A20002A00E7AEE1;
			productRefGroup = D4C5E4C62A20002A00E7AEE1 /* Products */;
			projectDirPath = "";
			projectRoot = "";
			targets = (
				D4C5E4C42A20002A00E7AEE1 /* iosCalc */,
			);
		};
/* End PBXProject section */

/* Begin PBXResourcesBuildPhase section */
		D4C5E4C32A20002A00E7AEE1 /* Resources */ = {
			isa = PBXResourcesBuildPhase;
			buildActionMask = 2147483647;
			files = (
				D4C5E4D82A20002B00E7AEE1 /* LaunchScreen.storyboard in Resources */,
				D4C5E4D52A20002B00E7AEE1 /* Assets.xcassets in Resources */,
				D4C5E4D32A20002A00E7AEE1 /* Main.storyboard in Resources */,
			);
			runOnlyForDeploymentPostprocessing = 0;
		};
/* End PBXResourcesBuildPhase section */

/* Begin PBXSourcesBuildPhase section */
		D4C5E4C12A20002A00E7AEE1 /* Sources */ = {
			isa = PBXSourcesBuildPhase;
			buildActionMask = 2147483647;
			files = (
				D4C5E4D02A20002A00E7AEE1 /* ViewController.m in Sources */,
				D4C5E4CA2A20002A00E7AEE1 /* AppDelegate.m in Sources */,
				D4C5E4DB2A20002B00E7AEE1 /* main.m in Sources */,
				D4A115BD2A2175DE00E2E633 /* Calculator.m in Sources */,
				D4F02A032A201A6F00819DD8 /* CalculatorOperatorButton.m in Sources */,
				D4C5E4CD2A20002A00E7AEE1 /* SceneDelegate.m in Sources */,
				D4F460C62A211297001C4AAB /* CalculatorClearButton.m in Sources */,
			);
			runOnlyForDeploymentPostprocessing = 0;
		};
/* End PBXSourcesBuildPhase section */

/* Begin PBXVariantGroup section */
		D4C5E4D12A20002A00E7AEE1 /* Main.storyboard */ = {
			isa = PBXVariantGroup;
			children = (
				D4C5E4D22A20002A00E7AEE1 /* Base */,
			);
			name = Main.storyboard;
			sourceTree = "<group>";
		};
		D4C5E4D62A20002B00E7AEE1 /* LaunchScreen.storyboard */ = {
			isa = PBXVariantGroup;
			children = (
				D4C5E4D72A20002B00E7AEE1 /* Base */,
			);
			name = LaunchScreen.storyboard;
			sourceTree = "<group>";
		};
/* End PBXVariantGroup section */

/* Begin XCBuildConfiguration section */
		D4C5E4DC2A20002B00E7AEE1 /* Debug */ = {
			isa = XCBuildConfiguration;
			buildSettings = {
				ALWAYS_SEARCH_USER_PATHS = NO;
				CLANG_ANALYZER_NONNULL = YES;
				CLANG_ANALYZER_NUMBER_OBJECT_CONVERSION = YES_AGGRESSIVE;
				CLANG_CXX_LANGUAGE_STANDARD = "gnu++20";
				CLANG_ENABLE_MODULES = YES;
				CLANG_ENABLE_OBJC_ARC = YES;
				CLANG_ENABLE_OBJC_WEAK = YES;
				CLANG_WARN_BLOCK_CAPTURE_AUTORELEASING = YES;
				CLANG_WARN_BOOL_CONVERSION = YES;
				CLANG_WARN_COMMA = YES;
				CLANG_WARN_CONSTANT_CONVERSION = YES;
				CLANG_WARN_DEPRECATED_OBJC_IMPLEMENTATIONS = YES;
				CLANG_WARN_DIRECT_OBJC_ISA_USAGE = YES_ERROR;
				CLANG_WARN_DOCUMENTATION_COMMENTS = YES;
				CLANG_WARN_EMPTY_BODY = YES;
				CLANG_WARN_ENUM_CONVERSION = YES;
				CLANG_WARN_INFINITE_RECURSION = YES;
				CLANG_WARN_INT_CONVERSION = YES;
				CLANG_WARN_NON_LITERAL_NULL_CONVERSION = YES;
				CLANG_WARN_OBJC_IMPLICIT_RETAIN_SELF = YES;
				CLANG_WARN_OBJC_LITERAL_CONVERSION = YES;
				CLANG_WARN_OBJC_ROOT_CLASS = YES_ERROR;
				CLANG_WARN_QUOTED_INCLUDE_IN_FRAMEWORK_HEADER = YES;
				CLANG_WARN_RANGE_LOOP_ANALYSIS = YES;
				CLANG_WARN_STRICT_PROTOTYPES = YES;
				CLANG_WARN_SUSPICIOUS_MOVE = YES;
				CLANG_WARN_UNGUARDED_AVAILABILITY = YES_AGGRESSIVE;
				CLANG_WARN_UNREACHABLE_CODE = YES;
				CLANG_WARN__DUPLICATE_METHOD_MATCH = YES;
				COPY_PHASE_STRIP = NO;
				DEBUG_INFORMATION_FORMAT = dwarf;
				ENABLE_STRICT_OBJC_MSGSEND = YES;
				ENABLE_TESTABILITY = YES;
				GCC_C_LANGUAGE_STANDARD = gnu11;
				GCC_DYNAMIC_NO_PIC = NO;
				GCC_NO_COMMON_BLOCKS = YES;
				GCC_OPTIMIZATION_LEVEL = 0;
				GCC_PREPROCESSOR_DEFINITIONS = (
					"DEBUG=1",
					"$(inherited)",
				);
				GCC_WARN_64_TO_32_BIT_CONVERSION = YES;
				GCC_WARN_ABOUT_RETURN_TYPE = YES_ERROR;
				GCC_WARN_UNDECLARED_SELECTOR = YES;
				GCC_WARN_UNINITIALIZED_AUTOS = YES_AGGRESSIVE;
				GCC_WARN_UNUSED_FUNCTION = YES;
				GCC_WARN_UNUSED_VARIABLE = YES;
				IPHONEOS_DEPLOYMENT_TARGET = 16.4;
				MTL_ENABLE_DEBUG_INFO = INCLUDE_SOURCE;
				MTL_FAST_MATH = YES;
				ONLY_ACTIVE_ARCH = YES;
				SDKROOT = iphoneos;
			};
			name = Debug;
		};
		D4C5E4DD2A20002B00E7AEE1 /* Release */ = {
			isa = XCBuildConfiguration;
			buildSettings = {
				ALWAYS_SEARCH_USER_PATHS = NO;
				CLANG_ANALYZER_NONNULL = YES;
				CLANG_ANALYZER_NUMBER_OBJECT_CONVERSION = YES_AGGRESSIVE;
				CLANG_CXX_LANGUAGE_STANDARD = "gnu++20";
				CLANG_ENABLE_MODULES = YES;
				CLANG_ENABLE_OBJC_ARC = YES;
				CLANG_ENABLE_OBJC_WEAK = YES;
				CLANG_WARN_BLOCK_CAPTURE_AUTORELEASING = YES;
				CLANG_WARN_BOOL_CONVERSION = YES;
				CLANG_WARN_COMMA = YES;
				CLANG_WARN_CONSTANT_CONVERSION = YES;
				CLANG_WARN_DEPRECATED_OBJC_IMPLEMENTATIONS = YES;
				CLANG_WARN_DIRECT_OBJC_ISA_USAGE = YES_ERROR;
				CLANG_WARN_DOCUMENTATION_COMMENTS = YES;
				CLANG_WARN_EMPTY_BODY = YES;
				CLANG_WARN_ENUM_CONVERSION = YES;
				CLANG_WARN_INFINITE_RECURSION = YES;
				CLANG_WARN_INT_CONVERSION = YES;
				CLANG_WARN_NON_LITERAL_NULL_CONVERSION = YES;
				CLANG_WARN_OBJC_IMPLICIT_RETAIN_SELF = YES;
				CLANG_WARN_OBJC_LITERAL_CONVERSION = YES;
				CLANG_WARN_OBJC_ROOT_CLASS = YES_ERROR;
				CLANG_WARN_QUOTED_INCLUDE_IN_FRAMEWORK_HEADER = YES;
				CLANG_WARN_RANGE_LOOP_ANALYSIS = YES;
				CLANG_WARN_STRICT_PROTOTYPES = YES;
				CLANG_WARN_SUSPICIOUS_MOVE = YES;
				CLANG_WARN_UNGUARDED_AVAILABILITY = YES_AGGRESSIVE;
				CLANG_WARN_UNREACHABLE_CODE = YES;
				CLANG_WARN__DUPLICATE_METHOD_MATCH = YES;
				COPY_PHASE_STRIP = NO;
				DEBUG_INFORMATION_FORMAT = "dwarf-with-dsym";
				ENABLE_NS_ASSERTIONS = NO;
				ENABLE_STRICT_OBJC_MSGSEND = YES;
				GCC_C_LANGUAGE_STANDARD = gnu11;
				GCC_NO_COMMON_BLOCKS = YES;
				GCC_WARN_64_TO_32_BIT_CONVERSION = YES;
				GCC_WARN_ABOUT_RETURN_TYPE = YES_ERROR;
				GCC_WARN_UNDECLARED_SELECTOR = YES;
				GCC_WARN_UNINITIALIZED_AUTOS = YES_AGGRESSIVE;
				GCC_WARN_UNUSED_FUNCTION = YES;
				GCC_WARN_UNUSED_VARIABLE = YES;
				IPHONEOS_DEPLOYMENT_TARGET = 16.4;
				MTL_ENABLE_DEBUG_INFO = NO;
				MTL_FAST_MATH = YES;
				SDKROOT = iphoneos;
				VALIDATE_PRODUCT = YES;
			};
			name = Release;
		};
		D4C5E4DF2A20002B00E7AEE1 /* Debug */ = {
			isa = XCBuildConfiguration;
			buildSettings = {
				ASSETCATALOG_COMPILER_APPICON_NAME = AppIcon;
				ASSETCATALOG_COMPILER_GLOBAL_ACCENT_COLOR_NAME = AccentColor;
				CODE_SIGN_STYLE = Automatic;
				CURRENT_PROJECT_VERSION = 1;
				DEVELOPMENT_TEAM = GG62JAD8S2;
				GENERATE_INFOPLIST_FILE = YES;
				INFOPLIST_FILE = iosCalc/Info.plist;
				INFOPLIST_KEY_UIApplicationSupportsIndirectInputEvents = YES;
				INFOPLIST_KEY_UILaunchStoryboardName = LaunchScreen;
				INFOPLIST_KEY_UIMainStoryboardFile = Main;
				INFOPLIST_KEY_UISupportedInterfaceOrientations = UIInterfaceOrientationPortrait;
				INFOPLIST_KEY_UISupportedInterfaceOrientations_iPad = "UIInterfaceOrientationLandscapeLeft UIInterfaceOrientationLandscapeRight UIInterfaceOrientationPortrait UIInterfaceOrientationPortraitUpsideDown";
				LD_RUNPATH_SEARCH_PATHS = (
					"$(inherited)",
					"@executable_path/Frameworks",
				);
				MARKETING_VERSION = 1.0;
				PRODUCT_BUNDLE_IDENTIFIER = tongjiew.iosCalc;
				PRODUCT_NAME = "$(TARGET_NAME)";
				SUPPORTED_PLATFORMS = "iphoneos iphonesimulator";
				SUPPORTS_MACCATALYST = NO;
				SUPPORTS_MAC_DESIGNED_FOR_IPHONE_IPAD = NO;
				SWIFT_EMIT_LOC_STRINGS = YES;
				TARGETED_DEVICE_FAMILY = 1;
			};
			name = Debug;
		};
		D4C5E4E02A20002B00E7AEE1 /* Release */ = {
			isa = XCBuildConfiguration;
			buildSettings = {
				ASSETCATALOG_COMPILER_APPICON_NAME = AppIcon;
				ASSETCATALOG_COMPILER_GLOBAL_ACCENT_COLOR_NAME = AccentColor;
				CODE_SIGN_STYLE = Automatic;
				CURRENT_PROJECT_VERSION = 1;
				DEVELOPMENT_TEAM = GG62JAD8S2;
				GENERATE_INFOPLIST_FILE = YES;
				INFOPLIST_FILE = iosCalc/Info.plist;
				INFOPLIST_KEY_UIApplicationSupportsIndirectInputEvents = YES;
				INFOPLIST_KEY_UILaunchStoryboardName = LaunchScreen;
				INFOPLIST_KEY_UIMainStoryboardFile = Main;
				INFOPLIST_KEY_UISupportedInterfaceOrientations = UIInterfaceOrientationPortrait;
				INFOPLIST_KEY_UISupportedInterfaceOrientations_iPad = "UIInterfaceOrientationLandscapeLeft UIInterfaceOrientationLandscapeRight UIInterfaceOrientationPortrait UIInterfaceOrientationPortraitUpsideDown";
				LD_RUNPATH_SEARCH_PATHS = (
					"$(inherited)",
					"@executable_path/Frameworks",
				);
				MARKETING_VERSION = 1.0;
				PRODUCT_BUNDLE_IDENTIFIER = tongjiew.iosCalc;
				PRODUCT_NAME = "$(TARGET_NAME)";
				SUPPORTED_PLATFORMS = "iphoneos iphonesimulator";
				SUPPORTS_MACCATALYST = NO;
				SUPPORTS_MAC_DESIGNED_FOR_IPHONE_IPAD = NO;
				SWIFT_EMIT_LOC_STRINGS = YES;
				TARGETED_DEVICE_FAMILY = 1;
			};
			name = Release;
		};
/* End XCBuildConfiguration section */

/* Begin XCConfigurationList section */
		D4C5E4C02A20002A00E7AEE1 /* Build configuration list for PBXProject "iosCalc" */ = {
			isa = XCConfigurationList;
			buildConfigurations = (
				D4C5E4DC2A20002B00E7AEE1 /* Debug */,
				D4C5E4DD2A20002B00E7AEE1 /* Release */,
			);
			defaultConfigurationIsVisible = 0;
			defaultConfigurationName = Release;
		};
		D4C5E4DE2A20002B00E7AEE1 /* Build configuration list for PBXNativeTarget "iosCalc" */ = {
			isa = XCConfigurationList;
			buildConfigurations = (
				D4C5E4DF2A20002B00E7AEE1 /* Debug */,
				D4C5E4E02A20002B00E7AEE1 /* Release */,
			);
			defaultConfigurationIsVisible = 0;
			defaultConfigurationName = Release;
		};
/* End XCConfigurationList section */
	};
	rootObject = D4C5E4BD2A20002A00E7AEE1 /* Project object */;
}
